Microsoft Visual Studio Solution File, Format Version 11.00
# Visual Studio 2008

Project("{34870BF7-A1FF-63B5-7B18-B21BAED18D7D}") = "unity_wkspc", "Assembly-CSharp.csproj", "{2BAC3544-609D-A971-3055-11736537502F}"
EndProject
Project("{34870BF7-A1FF-63B5-7B18-B21BAED18D7D}") = "unity_wkspc", "Assembly-CSharp-Editor.csproj", "{CC9087C3-0961-0712-6DA5-2B5CD1ACB552}"
EndProject
Global
	GlobalSection(SolutionConfigurationPlatforms) = preSolution
		Debug|Any CPU = Debug|Any CPU
		Release|Any CPU = Release|Any CPU
	EndGlobalSection
	GlobalSection(ProjectConfigurationPlatforms) = postSolution
		{2BAC3544-609D-A971-3055-11736537502F}.Debug|Any CPU.ActiveCfg = Debug|Any CPU
		{2BAC3544-609D-A971-3055-11736537502F}.Debug|Any CPU.Build.0 = Debug|Any CPU
		{2BAC3544-609D-A971-3055-11736537502F}.Release|Any CPU.ActiveCfg = Release|Any CPU
		{2BAC3544-609D-A971-3055-11736537502F}.Release|Any CPU.Build.0 = Release|Any CPU
		{CC9087C3-0961-0712-6DA5-2B5CD1ACB552}.Debug|Any CPU.ActiveCfg = Debug|Any CPU
		{CC9087C3-0961-0712-6DA5-2B5CD1ACB552}.Debug|Any CPU.Build.0 = Debug|Any CPU
		{CC9087C3-0961-0712-6DA5-2B5CD1ACB552}.Release|Any CPU.ActiveCfg = Release|Any CPU
		{CC9087C3-0961-0712-6DA5-2B5CD1ACB552}.Release|Any CPU.Build.0 = Release|Any CPU
	EndGlobalSection
	GlobalSection(SolutionProperties) = preSolution
		HideSolutionNode = FALSE
	EndGlobalSection
																																											GlobalSection(MonoDevelopProperties) = preSolution
		StartupItem = Assembly-CSharp.csproj
		Policies = $0
		$0.TextStylePolicy = $1
		$1.inheritsSet = null
		$1.scope = text/x-csharp
		$0.CSharpFormattingPolicy = $2
		$2.inheritsSet = Mono
		$2.inheritsScope = text/x-csharp
		$2.scope = text/x-csharp
		$0.TextStylePolicy = $3
		$3.FileWidth = 120
		$3.TabWidth = 4
		$3.IndentWidth = 4
		$3.EolMarker = Unix
		$3.inheritsSet = Mono
		$3.inheritsScope = text/plain
		$3.scope = text/plain
	EndGlobalSection

EndGlobal
